// !$*UTF8*$!
{
	archiveVersion = 1;
	classes = {
	};
	objectVersion = 50;
	objects = {

/* Begin PBXBuildFile section */
		66A1023B23D51A6900513FE4 /* AppDelegate.swift in Sources */ = {isa = PBXBuildFile; fileRef = 66A1023A23D51A6900513FE4 /* AppDelegate.swift */; };
		66A1023D23D51A6900513FE4 /* SceneDelegate.swift in Sources */ = {isa = PBXBuildFile; fileRef = 66A1023C23D51A6900513FE4 /* SceneDelegate.swift */; };
		66A1024423D51A6900513FE4 /* Main.storyboard in Resources */ = {isa = PBXBuildFile; fileRef = 66A1024223D51A6900513FE4 /* Main.storyboard */; };
		66A1024623D51A6A00513FE4 /* Assets.xcassets in Resources */ = {isa = PBXBuildFile; fileRef = 66A1024523D51A6A00513FE4 /* Assets.xcassets */; };
		66A1024923D51A6A00513FE4 /* LaunchScreen.storyboard in Resources */ = {isa = PBXBuildFile; fileRef = 66A1024723D51A6A00513FE4 /* LaunchScreen.storyboard */; };
		66A1025623D51D4000513FE4 /* UIKit.framework in Frameworks */ = {isa = PBXBuildFile; fileRef = 66A1025523D51D4000513FE4 /* UIKit.framework */; };
		66A1025D23D51E1F00513FE4 /* MainTableViewController.swift in Sources */ = {isa = PBXBuildFile; fileRef = 66A1025C23D51E1F00513FE4 /* MainTableViewController.swift */; };
		66A1026023D521F900513FE4 /* HeroObject.swift in Sources */ = {isa = PBXBuildFile; fileRef = 66A1025F23D521F900513FE4 /* HeroObject.swift */; };
		66A1026223D5272800513FE4 /* DetailTableViewController.swift in Sources */ = {isa = PBXBuildFile; fileRef = 66A1026123D5272800513FE4 /* DetailTableViewController.swift */; };
		66A1026523D5323900513FE4 /* HeroDescriptionCell.swift in Sources */ = {isa = PBXBuildFile; fileRef = 66A1026423D5323900513FE4 /* HeroDescriptionCell.swift */; };
/* End PBXBuildFile section */

/* Begin PBXFileReference section */
		66A1023723D51A6900513FE4 /* AiviaProdTest.app */ = {isa = PBXFileReference; explicitFileType = wrapper.application; includeInIndex = 0; path = AiviaProdTest.app; sourceTree = BUILT_PRODUCTS_DIR; };
		66A1023A23D51A6900513FE4 /* AppDelegate.swift */ = {isa = PBXFileReference; lastKnownFileType = sourcecode.swift; path = AppDelegate.swift; sourceTree = "<group>"; };
		66A1023C23D51A6900513FE4 /* SceneDelegate.swift */ = {isa = PBXFileReference; lastKnownFileType = sourcecode.swift; path = SceneDelegate.swift; sourceTree = "<group>"; };
		66A1024323D51A6900513FE4 /* Base */ = {isa = PBXFileReference; lastKnownFileType = file.storyboard; name = Base; path = Base.lproj/Main.storyboard; sourceTree = "<group>"; };
		66A1024523D51A6A00513FE4 /* Assets.xcassets */ = {isa = PBXFileReference; lastKnownFileType = folder.assetcatalog; path = Assets.xcassets; sourceTree = "<group>"; };
		66A1024823D51A6A00513FE4 /* Base */ = {isa = PBXFileReference; lastKnownFileType = file.storyboard; name = Base; path = Base.lproj/LaunchScreen.storyboard; sourceTree = "<group>"; };
		66A1024A23D51A6A00513FE4 /* Info.plist */ = {isa = PBXFileReference; lastKnownFileType = text.plist.xml; path = Info.plist; sourceTree = "<group>"; };
		66A1025523D51D4000513FE4 /* UIKit.framework */ = {isa = PBXFileReference; lastKnownFileType = wrapper.framework; name = UIKit.framework; path = System/Library/Frameworks/UIKit.framework; sourceTree = SDKROOT; };
		66A1025C23D51E1F00513FE4 /* MainTableViewController.swift */ = {isa = PBXFileReference; lastKnownFileType = sourcecode.swift; path = MainTableViewController.swift; sourceTree = "<group>"; };
		66A1025F23D521F900513FE4 /* HeroObject.swift */ = {isa = PBXFileReference; lastKnownFileType = sourcecode.swift; path = HeroObject.swift; sourceTree = "<group>"; };
		66A1026123D5272800513FE4 /* DetailTableViewController.swift */ = {isa = PBXFileReference; lastKnownFileType = sourcecode.swift; path = DetailTableViewController.swift; sourceTree = "<group>"; };
		66A1026423D5323900513FE4 /* HeroDescriptionCell.swift */ = {isa = PBXFileReference; lastKnownFileType = sourcecode.swift; path = HeroDescriptionCell.swift; sourceTree = "<group>"; };
/* End PBXFileReference section */

/* Begin PBXFrameworksBuildPhase section */
		66A1023423D51A6900513FE4 /* Frameworks */ = {
			isa = PBXFrameworksBuildPhase;
			buildActionMask = 2147483647;
			files = (
				66A1025623D51D4000513FE4 /* UIKit.framework in Frameworks */,
			);
			runOnlyForDeploymentPostprocessing = 0;
		};
/* End PBXFrameworksBuildPhase section */

/* Begin PBXGroup section */
		66A1022E23D51A6900513FE4 = {
			isa = PBXGroup;
			children = (
				66A1026623D5A02400513FE4 /* Libraries */,
				66A1023923D51A6900513FE4 /* AiviaProdTest */,
				66A1023823D51A6900513FE4 /* Products */,
				66A1025423D51D4000513FE4 /* Frameworks */,
			);
			sourceTree = "<group>";
		};
		66A1023823D51A6900513FE4 /* Products */ = {
			isa = PBXGroup;
			children = (
				66A1023723D51A6900513FE4 /* AiviaProdTest.app */,
			);
			name = Products;
			sourceTree = "<group>";
		};
		66A1023923D51A6900513FE4 /* AiviaProdTest */ = {
			isa = PBXGroup;
			children = (
				66A1026323D5321800513FE4 /* TableCells */,
				66A1025E23D521D300513FE4 /* Objects */,
				66A1025B23D51E0900513FE4 /* ViewControllers */,
				66A1023A23D51A6900513FE4 /* AppDelegate.swift */,
				66A1023C23D51A6900513FE4 /* SceneDelegate.swift */,
				66A1024223D51A6900513FE4 /* Main.storyboard */,
				66A1024523D51A6A00513FE4 /* Assets.xcassets */,
				66A1024723D51A6A00513FE4 /* LaunchScreen.storyboard */,
				66A1024A23D51A6A00513FE4 /* Info.plist */,
			);
			path = AiviaProdTest;
			sourceTree = "<group>";
		};
		66A1025423D51D4000513FE4 /* Frameworks */ = {
			isa = PBXGroup;
			children = (
				66A1025523D51D4000513FE4 /* UIKit.framework */,
			);
			name = Frameworks;
			sourceTree = "<group>";
		};
		66A1025B23D51E0900513FE4 /* ViewControllers */ = {
			isa = PBXGroup;
			children = (
				66A1025C23D51E1F00513FE4 /* MainTableViewController.swift */,
				66A1026123D5272800513FE4 /* DetailTableViewController.swift */,
			);
			path = ViewControllers;
			sourceTree = "<group>";
		};
		66A1025E23D521D300513FE4 /* Objects */ = {
			isa = PBXGroup;
			children = (
				66A1025F23D521F900513FE4 /* HeroObject.swift */,
			);
			path = Objects;
			sourceTree = "<group>";
		};
		66A1026323D5321800513FE4 /* TableCells */ = {
			isa = PBXGroup;
			children = (
				66A1026423D5323900513FE4 /* HeroDescriptionCell.swift */,
			);
			path = TableCells;
			sourceTree = "<group>";
		};
		66A1026623D5A02400513FE4 /* Libraries */ = {
			isa = PBXGroup;
			children = (
			);
			path = Libraries;
			sourceTree = "<group>";
		};
/* End PBXGroup section */

/* Begin PBXNativeTarget section */
		66A1023623D51A6900513FE4 /* AiviaProdTest */ = {
			isa = PBXNativeTarget;
			buildConfigurationList = 66A1024D23D51A6A00513FE4 /* Build configuration list for PBXNativeTarget "AiviaProdTest" */;
			buildPhases = (
				66A1023323D51A6900513FE4 /* Sources */,
				66A1023423D51A6900513FE4 /* Frameworks */,
				66A1023523D51A6900513FE4 /* Resources */,
			);
			buildRules = (
			);
			dependencies = (
			);
			name = AiviaProdTest;
			productName = AiviaProdTest;
			productReference = 66A1023723D51A6900513FE4 /* AiviaProdTest.app */;
			productType = "com.apple.product-type.application";
		};
/* End PBXNativeTarget section */

/* Begin PBXProject section */
		66A1022F23D51A6900513FE4 /* Project object */ = {
			isa = PBXProject;
			attributes = {
				LastSwiftUpdateCheck = 1130;
				LastUpgradeCheck = 1130;
				ORGANIZATIONNAME = Adam;
				TargetAttributes = {
					66A1023623D51A6900513FE4 = {
						CreatedOnToolsVersion = 11.3.1;
					};
				};
			};
			buildConfigurationList = 66A1023223D51A6900513FE4 /* Build configuration list for PBXProject "AiviaProdTest" */;
			compatibilityVersion = "Xcode 9.3";
			developmentRegion = en;
			hasScannedForEncodings = 0;
			knownRegions = (
				en,
				Base,
			);
			mainGroup = 66A1022E23D51A6900513FE4;
			productRefGroup = 66A1023823D51A6900513FE4 /* Products */;
			projectDirPath = "";
			projectRoot = "";
			targets = (
				66A1023623D51A6900513FE4 /* AiviaProdTest */,
			);
		};
/* End PBXProject section */

/* Begin PBXResourcesBuildPhase section */
		66A1023523D51A6900513FE4 /* Resources */ = {
			isa = PBXResourcesBuildPhase;
			buildActionMask = 2147483647;
			files = (
				66A1024923D51A6A00513FE4 /* LaunchScreen.storyboard in Resources */,
				66A1024623D51A6A00513FE4 /* Assets.xcassets in Resources */,
				66A1024423D51A6900513FE4 /* Main.storyboard in Resources */,
			);
			runOnlyForDeploymentPostprocessing = 0;
		};
/* End PBXResourcesBuildPhase section */

/* Begin PBXSourcesBuildPhase section */
		66A1023323D51A6900513FE4 /* Sources */ = {
			isa = PBXSourcesBuildPhase;
			buildActionMask = 2147483647;
			files = (
				66A1026023D521F900513FE4 /* HeroObject.swift in Sources */,
				66A1023B23D51A6900513FE4 /* AppDelegate.swift in Sources */,
				66A1026523D5323900513FE4 /* HeroDescriptionCell.swift in Sources */,
				66A1025D23D51E1F00513FE4 /* MainTableViewController.swift in Sources */,
				66A1026223D5272800513FE4 /* DetailTableViewController.swift in Sources */,
				66A1023D23D51A6900513FE4 /* SceneDelegate.swift in Sources */,
			);
			runOnlyForDeploymentPostprocessing = 0;
		};
/* End PBXSourcesBuildPhase section */

/* Begin PBXVariantGroup section */
		66A1024223D51A6900513FE4 /* Main.storyboard */ = {
			isa = PBXVariantGroup;
			children = (
				66A1024323D51A6900513FE4 /* Base */,
			);
			name = Main.storyboard;
			sourceTree = "<group>";
		};
		66A1024723D51A6A00513FE4 /* LaunchScreen.storyboard */ = {
			isa = PBXVariantGroup;
			children = (
				66A1024823D51A6A00513FE4 /* Base */,
			);
			name = LaunchScreen.storyboard;
			sourceTree = "<group>";
		};
/* End PBXVariantGroup section */

/* Begin XCBuildConfiguration section */
		66A1024B23D51A6A00513FE4 /* Debug */ = {
			isa = XCBuildConfiguration;
			buildSettings = {
				ALWAYS_SEARCH_USER_PATHS = NO;
				CLANG_ANALYZER_NONNULL = YES;
				CLANG_ANALYZER_NUMBER_OBJECT_CONVERSION = YES_AGGRESSIVE;
				CLANG_CXX_LANGUAGE_STANDARD = "gnu++14";
				CLANG_CXX_LIBRARY = "libc++";
				CLANG_ENABLE_MODULES = YES;
				CLANG_ENABLE_OBJC_ARC = YES;
				CLANG_ENABLE_OBJC_WEAK = YES;
				CLANG_WARN_BLOCK_CAPTURE_AUTORELEASING = YES;
				CLANG_WARN_BOOL_CONVERSION = YES;
				CLANG_WARN_COMMA = YES;
				CLANG_WARN_CONSTANT_CONVERSION = YES;
				CLANG_WARN_DEPRECATED_OBJC_IMPLEMENTATIONS = YES;
				CLANG_WARN_DIRECT_OBJC_ISA_USAGE = YES_ERROR;
				CLANG_WARN_DOCUMENTATION_COMMENTS = YES;
				CLANG_WARN_EMPTY_BODY = YES;
				CLANG_WARN_ENUM_CONVERSION = YES;
				CLANG_WARN_INFINITE_RECURSION = YES;
				CLANG_WARN_INT_CONVERSION = YES;
				CLANG_WARN_NON_LITERAL_NULL_CONVERSION = YES;
				CLANG_WARN_OBJC_IMPLICIT_RETAIN_SELF = YES;
				CLANG_WARN_OBJC_LITERAL_CONVERSION = YES;
				CLANG_WARN_OBJC_ROOT_CLASS = YES_ERROR;
				CLANG_WARN_RANGE_LOOP_ANALYSIS = YES;
				CLANG_WARN_STRICT_PROTOTYPES = YES;
				CLANG_WARN_SUSPICIOUS_MOVE = YES;
				CLANG_WARN_UNGUARDED_AVAILABILITY = YES_AGGRESSIVE;
				CLANG_WARN_UNREACHABLE_CODE = YES;
				CLANG_WARN__DUPLICATE_METHOD_MATCH = YES;
				COPY_PHASE_STRIP = NO;
				DEBUG_INFORMATION_FORMAT = dwarf;
				ENABLE_STRICT_OBJC_MSGSEND = YES;
				ENABLE_TESTABILITY = YES;
				GCC_C_LANGUAGE_STANDARD = gnu11;
				GCC_DYNAMIC_NO_PIC = NO;
				GCC_NO_COMMON_BLOCKS = YES;
				GCC_OPTIMIZATION_LEVEL = 0;
				GCC_PREPROCESSOR_DEFINITIONS = (
					"DEBUG=1",
					"$(inherited)",
				);
				GCC_WARN_64_TO_32_BIT_CONVERSION = YES;
				GCC_WARN_ABOUT_RETURN_TYPE = YES_ERROR;
				GCC_WARN_UNDECLARED_SELECTOR = YES;
				GCC_WARN_UNINITIALIZED_AUTOS = YES_AGGRESSIVE;
				GCC_WARN_UNUSED_FUNCTION = YES;
				GCC_WARN_UNUSED_VARIABLE = YES;
				IPHONEOS_DEPLOYMENT_TARGET = 13.2;
				MTL_ENABLE_DEBUG_INFO = INCLUDE_SOURCE;
				MTL_FAST_MATH = YES;
				ONLY_ACTIVE_ARCH = YES;
				SDKROOT = iphoneos;
				SWIFT_ACTIVE_COMPILATION_CONDITIONS = DEBUG;
				SWIFT_OPTIMIZATION_LEVEL = "-Onone";
			};
			name = Debug;
		};
		66A1024C23D51A6A00513FE4 /* Release */ = {
			isa = XCBuildConfiguration;
			buildSettings = {
				ALWAYS_SEARCH_USER_PATHS = NO;
				CLANG_ANALYZER_NONNULL = YES;
				CLANG_ANALYZER_NUMBER_OBJECT_CONVERSION = YES_AGGRESSIVE;
				CLANG_CXX_LANGUAGE_STANDARD = "gnu++14";
				CLANG_CXX_LIBRARY = "libc++";
				CLANG_ENABLE_MODULES = YES;
				CLANG_ENABLE_OBJC_ARC = YES;
				CLANG_ENABLE_OBJC_WEAK = YES;
				CLANG_WARN_BLOCK_CAPTURE_AUTORELEASING = YES;
				CLANG_WARN_BOOL_CONVERSION = YES;
				CLANG_WARN_COMMA = YES;
				CLANG_WARN_CONSTANT_CONVERSION = YES;
				CLANG_WARN_DEPRECATED_OBJC_IMPLEMENTATIONS = YES;
				CLANG_WARN_DIRECT_OBJC_ISA_USAGE = YES_ERROR;
				CLANG_WARN_DOCUMENTATION_COMMENTS = YES;
				CLANG_WARN_EMPTY_BODY = YES;
				CLANG_WARN_ENUM_CONVERSION = YES;
				CLANG_WARN_INFINITE_RECURSION = YES;
				CLANG_WARN_INT_CONVERSION = YES;
				CLANG_WARN_NON_LITERAL_NULL_CONVERSION = YES;
				CLANG_WARN_OBJC_IMPLICIT_RETAIN_SELF = YES;
				CLANG_WARN_OBJC_LITERAL_CONVERSION = YES;
				CLANG_WARN_OBJC_ROOT_CLASS = YES_ERROR;
				CLANG_WARN_RANGE_LOOP_ANALYSIS = YES;
				CLANG_WARN_STRICT_PROTOTYPES = YES;
				CLANG_WARN_SUSPICIOUS_MOVE = YES;
				CLANG_WARN_UNGUARDED_AVAILABILITY = YES_AGGRESSIVE;
				CLANG_WARN_UNREACHABLE_CODE = YES;
				CLANG_WARN__DUPLICATE_METHOD_MATCH = YES;
				COPY_PHASE_STRIP = NO;
				DEBUG_INFORMATION_FORMAT = "dwarf-with-dsym";
				ENABLE_NS_ASSERTIONS = NO;
				ENABLE_STRICT_OBJC_MSGSEND = YES;
				GCC_C_LANGUAGE_STANDARD = gnu11;
				GCC_NO_COMMON_BLOCKS = YES;
				GCC_WARN_64_TO_32_BIT_CONVERSION = YES;
				GCC_WARN_ABOUT_RETURN_TYPE = YES_ERROR;
				GCC_WARN_UNDECLARED_SELECTOR = YES;
				GCC_WARN_UNINITIALIZED_AUTOS = YES_AGGRESSIVE;
				GCC_WARN_UNUSED_FUNCTION = YES;
				GCC_WARN_UNUSED_VARIABLE = YES;
				IPHONEOS_DEPLOYMENT_TARGET = 13.2;
				MTL_ENABLE_DEBUG_INFO = NO;
				MTL_FAST_MATH = YES;
				SDKROOT = iphoneos;
				SWIFT_COMPILATION_MODE = wholemodule;
				SWIFT_OPTIMIZATION_LEVEL = "-O";
				VALIDATE_PRODUCT = YES;
			};
			name = Release;
		};
		66A1024E23D51A6A00513FE4 /* Debug */ = {
			isa = XCBuildConfiguration;
			buildSettings = {
				ASSETCATALOG_COMPILER_APPICON_NAME = AppIcon;
				CODE_SIGN_STYLE = Automatic;
				INFOPLIST_FILE = AiviaProdTest/Info.plist;
				LD_RUNPATH_SEARCH_PATHS = (
					"$(inherited)",
					"@executable_path/Frameworks",
				);
				PRODUCT_BUNDLE_IDENTIFIER = com.adamfarag.AiviaProdTest;
				PRODUCT_NAME = "$(TARGET_NAME)";
				SWIFT_VERSION = 5.0;
				TARGETED_DEVICE_FAMILY = "1,2";
			};
			name = Debug;
		};
		66A1024F23D51A6A00513FE4 /* Release */ = {
			isa = XCBuildConfiguration;
			buildSettings = {
				ASSETCATALOG_COMPILER_APPICON_NAME = AppIcon;
				CODE_SIGN_STYLE = Automatic;
				INFOPLIST_FILE = AiviaProdTest/Info.plist;
				LD_RUNPATH_SEARCH_PATHS = (
					"$(inherited)",
					"@executable_path/Frameworks",
				);
				PRODUCT_BUNDLE_IDENTIFIER = com.adamfarag.AiviaProdTest;
				PRODUCT_NAME = "$(TARGET_NAME)";
				SWIFT_VERSION = 5.0;
				TARGETED_DEVICE_FAMILY = "1,2";
			};
			name = Release;
		};
/* End XCBuildConfiguration section */

/* Begin XCConfigurationList section */
		66A1023223D51A6900513FE4 /* Build configuration list for PBXProject "AiviaProdTest" */ = {
			isa = XCConfigurationList;
			buildConfigurations = (
				66A1024B23D51A6A00513FE4 /* Debug */,
				66A1024C23D51A6A00513FE4 /* Release */,
			);
			defaultConfigurationIsVisible = 0;
			defaultConfigurationName = Release;
		};
		66A1024D23D51A6A00513FE4 /* Build configuration list for PBXNativeTarget "AiviaProdTest" */ = {
			isa = XCConfigurationList;
			buildConfigurations = (
				66A1024E23D51A6A00513FE4 /* Debug */,
				66A1024F23D51A6A00513FE4 /* Release */,
			);
			defaultConfigurationIsVisible = 0;
			defaultConfigurationName = Release;
		};
/* End XCConfigurationList section */
	};
	rootObject = 66A1022F23D51A6900513FE4 /* Project object */;
}
